
Microsoft Visual Studio Solution File, Format Version 12.00
# Visual Studio 15
VisualStudioVersion = 15.0.27703.2018
MinimumVisualStudioVersion = 10.0.40219.1
Project("{FAE04EC0-301F-11D3-BF4B-00C04F79EFBC}") = "IssueNoteMaster", "IssueNoteMaster\IssueNoteMaster.csproj", "{077E8DDF-96E7-4482-8C0A-6315A154A64B}"
EndProject
Global
	GlobalSection(SolutionConfigurationPlatforms) = preSolution
		Debug|Any CPU = Debug|Any CPU
		Release|Any CPU = Release|Any CPU
	EndGlobalSection
	GlobalSection(ProjectConfigurationPlatforms) = postSolution
		{077E8DDF-96E7-4482-8C0A-6315A154A64B}.Debug|Any CPU.ActiveCfg = Debug|Any CPU
		{077E8DDF-96E7-4482-8C0A-6315A154A64B}.Debug|Any CPU.Build.0 = Debug|Any CPU
		{077E8DDF-96E7-4482-8C0A-6315A154A64B}.Release|Any CPU.ActiveCfg = Release|Any CPU
		{077E8DDF-96E7-4482-8C0A-6315A154A64B}.Release|Any CPU.Build.0 = Release|Any CPU
	EndGlobalSection
	GlobalSection(SolutionProperties) = preSolution
		HideSolutionNode = FALSE
	EndGlobalSection
	GlobalSection(ExtensibilityGlobals) = postSolution
		SolutionGuid = {0E1D6E0C-5813-4144-82A2-1074274852DA}
	EndGlobalSection
EndGlobal
